// !$*UTF8*$!
{
	archiveVersion = 1;
	classes = {
	};
	objectVersion = 52;
	objects = {

/* Begin PBXBuildFile section */
		F8A92A452450673E00213F2A /* AppDelegate.swift in Sources */ = {isa = PBXBuildFile; fileRef = F8A92A442450673E00213F2A /* AppDelegate.swift */; };
		F8A92A472450673E00213F2A /* ViewController.swift in Sources */ = {isa = PBXBuildFile; fileRef = F8A92A462450673E00213F2A /* ViewController.swift */; };
		F8A92A492450674100213F2A /* Assets.xcassets in Resources */ = {isa = PBXBuildFile; fileRef = F8A92A482450674100213F2A /* Assets.xcassets */; };
		F8A92A4C2450674100213F2A /* Main.storyboard in Resources */ = {isa = PBXBuildFile; fileRef = F8A92A4A2450674100213F2A /* Main.storyboard */; };
		F8EDBBBE24506FF8008FEEBA /* AppCenterAnalytics in Frameworks */ = {isa = PBXBuildFile; productRef = F8EDBBBD24506FF8008FEEBA /* AppCenterAnalytics */; };
		F8EDBBC024506FF8008FEEBA /* AppCenterPush in Frameworks */ = {isa = PBXBuildFile; productRef = F8EDBBBF24506FF8008FEEBA /* AppCenterPush */; };
/* End PBXBuildFile section */

/* Begin PBXFileReference section */
		5D063CD4F3BBFABF5ACDBD7C /* Pods_TestSPMMacOs.framework */ = {isa = PBXFileReference; explicitFileType = wrapper.framework; includeInIndex = 0; path = Pods_TestSPMMacOs.framework; sourceTree = BUILT_PRODUCTS_DIR; };
		F8A92A412450673E00213F2A /* TestSPMMacOs.app */ = {isa = PBXFileReference; explicitFileType = wrapper.application; includeInIndex = 0; path = TestSPMMacOs.app; sourceTree = BUILT_PRODUCTS_DIR; };
		F8A92A442450673E00213F2A /* AppDelegate.swift */ = {isa = PBXFileReference; lastKnownFileType = sourcecode.swift; path = AppDelegate.swift; sourceTree = "<group>"; };
		F8A92A462450673E00213F2A /* ViewController.swift */ = {isa = PBXFileReference; lastKnownFileType = sourcecode.swift; path = ViewController.swift; sourceTree = "<group>"; };
		F8A92A482450674100213F2A /* Assets.xcassets */ = {isa = PBXFileReference; lastKnownFileType = folder.assetcatalog; path = Assets.xcassets; sourceTree = "<group>"; };
		F8A92A4B2450674100213F2A /* Base */ = {isa = PBXFileReference; lastKnownFileType = file.storyboard; name = Base; path = Base.lproj/Main.storyboard; sourceTree = "<group>"; };
		F8A92A4D2450674100213F2A /* Info.plist */ = {isa = PBXFileReference; lastKnownFileType = text.plist.xml; path = Info.plist; sourceTree = "<group>"; };
		F8A92A4E2450674100213F2A /* TestSPMMacOs.entitlements */ = {isa = PBXFileReference; lastKnownFileType = text.plist.entitlements; path = TestSPMMacOs.entitlements; sourceTree = "<group>"; };
/* End PBXFileReference section */

/* Begin PBXFrameworksBuildPhase section */
		F8A92A3E2450673E00213F2A /* Frameworks */ = {
			isa = PBXFrameworksBuildPhase;
			buildActionMask = 2147483647;
			files = (
				F8EDBBBE24506FF8008FEEBA /* AppCenterAnalytics in Frameworks */,
				F8EDBBC024506FF8008FEEBA /* AppCenterPush in Frameworks */,
			);
			runOnlyForDeploymentPostprocessing = 0;
		};
/* End PBXFrameworksBuildPhase section */

/* Begin PBXGroup section */
		7EAF79AFF32A5F9A73450692 /* Frameworks */ = {
			isa = PBXGroup;
			children = (
				5D063CD4F3BBFABF5ACDBD7C /* Pods_TestSPMMacOs.framework */,
			);
			name = Frameworks;
			sourceTree = "<group>";
		};
		F8A92A382450673E00213F2A = {
			isa = PBXGroup;
			children = (
				F8A92A432450673E00213F2A /* TestSPMMacOs */,
				F8A92A422450673E00213F2A /* Products */,
				7EAF79AFF32A5F9A73450692 /* Frameworks */,
			);
			sourceTree = "<group>";
		};
		F8A92A422450673E00213F2A /* Products */ = {
			isa = PBXGroup;
			children = (
				F8A92A412450673E00213F2A /* TestSPMMacOs.app */,
			);
			name = Products;
			sourceTree = "<group>";
		};
		F8A92A432450673E00213F2A /* TestSPMMacOs */ = {
			isa = PBXGroup;
			children = (
				F8A92A442450673E00213F2A /* AppDelegate.swift */,
				F8A92A462450673E00213F2A /* ViewController.swift */,
				F8A92A482450674100213F2A /* Assets.xcassets */,
				F8A92A4A2450674100213F2A /* Main.storyboard */,
				F8A92A4D2450674100213F2A /* Info.plist */,
				F8A92A4E2450674100213F2A /* TestSPMMacOs.entitlements */,
			);
			path = TestSPMMacOs;
			sourceTree = "<group>";
		};
/* End PBXGroup section */

/* Begin PBXNativeTarget section */
		F8A92A402450673E00213F2A /* TestSPMMacOs */ = {
			isa = PBXNativeTarget;
			buildConfigurationList = F8A92A512450674100213F2A /* Build configuration list for PBXNativeTarget "TestSPMMacOs" */;
			buildPhases = (
				F8A92A3D2450673E00213F2A /* Sources */,
				F8A92A3E2450673E00213F2A /* Frameworks */,
				F8A92A3F2450673E00213F2A /* Resources */,
			);
			buildRules = (
			);
			dependencies = (
			);
			name = TestSPMMacOs;
			packageProductDependencies = (
				F8EDBBBD24506FF8008FEEBA /* AppCenterAnalytics */,
				F8EDBBBF24506FF8008FEEBA /* AppCenterPush */,
			);
			productName = TestSPMMacOs;
			productReference = F8A92A412450673E00213F2A /* TestSPMMacOs.app */;
			productType = "com.apple.product-type.application";
		};
/* End PBXNativeTarget section */

/* Begin PBXProject section */
		F8A92A392450673E00213F2A /* Project object */ = {
			isa = PBXProject;
			attributes = {
				LastSwiftUpdateCheck = 1140;
				LastUpgradeCheck = 1140;
				ORGANIZATIONNAME = Microsoft;
				TargetAttributes = {
					F8A92A402450673E00213F2A = {
						CreatedOnToolsVersion = 11.4;
					};
				};
			};
			buildConfigurationList = F8A92A3C2450673E00213F2A /* Build configuration list for PBXProject "TestSPMMacOs" */;
			compatibilityVersion = "Xcode 9.3";
			developmentRegion = en;
			hasScannedForEncodings = 0;
			knownRegions = (
				en,
				Base,
			);
			mainGroup = F8A92A382450673E00213F2A;
			packageReferences = (
				F8EDBBBC24506FF8008FEEBA /* XCRemoteSwiftPackageReference "appcenter-sdk-apple" */,
			);
			productRefGroup = F8A92A422450673E00213F2A /* Products */;
			projectDirPath = "";
			projectRoot = "";
			targets = (
				F8A92A402450673E00213F2A /* TestSPMMacOs */,
			);
		};
/* End PBXProject section */

/* Begin PBXResourcesBuildPhase section */
		F8A92A3F2450673E00213F2A /* Resources */ = {
			isa = PBXResourcesBuildPhase;
			buildActionMask = 2147483647;
			files = (
				F8A92A492450674100213F2A /* Assets.xcassets in Resources */,
				F8A92A4C2450674100213F2A /* Main.storyboard in Resources */,
			);
			runOnlyForDeploymentPostprocessing = 0;
		};
/* End PBXResourcesBuildPhase section */

/* Begin PBXSourcesBuildPhase section */
		F8A92A3D2450673E00213F2A /* Sources */ = {
			isa = PBXSourcesBuildPhase;
			buildActionMask = 2147483647;
			files = (
				F8A92A472450673E00213F2A /* ViewController.swift in Sources */,
				F8A92A452450673E00213F2A /* AppDelegate.swift in Sources */,
			);
			runOnlyForDeploymentPostprocessing = 0;
		};
/* End PBXSourcesBuildPhase section */

/* Begin PBXVariantGroup section */
		F8A92A4A2450674100213F2A /* Main.storyboard */ = {
			isa = PBXVariantGroup;
			children = (
				F8A92A4B2450674100213F2A /* Base */,
			);
			name = Main.storyboard;
			sourceTree = "<group>";
		};
/* End PBXVariantGroup section */

/* Begin XCBuildConfiguration section */
		F8A92A4F2450674100213F2A /* Debug */ = {
			isa = XCBuildConfiguration;
			buildSettings = {
				ALWAYS_SEARCH_USER_PATHS = NO;
				CLANG_ANALYZER_NONNULL = YES;
				CLANG_ANALYZER_NUMBER_OBJECT_CONVERSION = YES_AGGRESSIVE;
				CLANG_CXX_LANGUAGE_STANDARD = "gnu++14";
				CLANG_CXX_LIBRARY = "libc++";
				CLANG_ENABLE_MODULES = YES;
				CLANG_ENABLE_OBJC_ARC = YES;
				CLANG_ENABLE_OBJC_WEAK = YES;
				CLANG_WARN_BLOCK_CAPTURE_AUTORELEASING = YES;
				CLANG_WARN_BOOL_CONVERSION = YES;
				CLANG_WARN_COMMA = YES;
				CLANG_WARN_CONSTANT_CONVERSION = YES;
				CLANG_WARN_DEPRECATED_OBJC_IMPLEMENTATIONS = YES;
				CLANG_WARN_DIRECT_OBJC_ISA_USAGE = YES_ERROR;
				CLANG_WARN_DOCUMENTATION_COMMENTS = YES;
				CLANG_WARN_EMPTY_BODY = YES;
				CLANG_WARN_ENUM_CONVERSION = YES;
				CLANG_WARN_INFINITE_RECURSION = YES;
				CLANG_WARN_INT_CONVERSION = YES;
				CLANG_WARN_NON_LITERAL_NULL_CONVERSION = YES;
				CLANG_WARN_OBJC_IMPLICIT_RETAIN_SELF = YES;
				CLANG_WARN_OBJC_LITERAL_CONVERSION = YES;
				CLANG_WARN_OBJC_ROOT_CLASS = YES_ERROR;
				CLANG_WARN_RANGE_LOOP_ANALYSIS = YES;
				CLANG_WARN_STRICT_PROTOTYPES = YES;
				CLANG_WARN_SUSPICIOUS_MOVE = YES;
				CLANG_WARN_UNGUARDED_AVAILABILITY = YES_AGGRESSIVE;
				CLANG_WARN_UNREACHABLE_CODE = YES;
				CLANG_WARN__DUPLICATE_METHOD_MATCH = YES;
				COPY_PHASE_STRIP = NO;
				DEBUG_INFORMATION_FORMAT = dwarf;
				ENABLE_STRICT_OBJC_MSGSEND = YES;
				ENABLE_TESTABILITY = YES;
				GCC_C_LANGUAGE_STANDARD = gnu11;
				GCC_DYNAMIC_NO_PIC = NO;
				GCC_NO_COMMON_BLOCKS = YES;
				GCC_OPTIMIZATION_LEVEL = 0;
				GCC_PREPROCESSOR_DEFINITIONS = (
					"DEBUG=1",
					"$(inherited)",
				);
				GCC_WARN_64_TO_32_BIT_CONVERSION = YES;
				GCC_WARN_ABOUT_RETURN_TYPE = YES_ERROR;
				GCC_WARN_UNDECLARED_SELECTOR = YES;
				GCC_WARN_UNINITIALIZED_AUTOS = YES_AGGRESSIVE;
				GCC_WARN_UNUSED_FUNCTION = YES;
				GCC_WARN_UNUSED_VARIABLE = YES;
				MACOSX_DEPLOYMENT_TARGET = 10.15;
				MTL_ENABLE_DEBUG_INFO = INCLUDE_SOURCE;
				MTL_FAST_MATH = YES;
				ONLY_ACTIVE_ARCH = YES;
				SDKROOT = macosx;
				SWIFT_ACTIVE_COMPILATION_CONDITIONS = DEBUG;
				SWIFT_OPTIMIZATION_LEVEL = "-Onone";
			};
			name = Debug;
		};
		F8A92A502450674100213F2A /* Release */ = {
			isa = XCBuildConfiguration;
			buildSettings = {
				ALWAYS_SEARCH_USER_PATHS = NO;
				CLANG_ANALYZER_NONNULL = YES;
				CLANG_ANALYZER_NUMBER_OBJECT_CONVERSION = YES_AGGRESSIVE;
				CLANG_CXX_LANGUAGE_STANDARD = "gnu++14";
				CLANG_CXX_LIBRARY = "libc++";
				CLANG_ENABLE_MODULES = YES;
				CLANG_ENABLE_OBJC_ARC = YES;
				CLANG_ENABLE_OBJC_WEAK = YES;
				CLANG_WARN_BLOCK_CAPTURE_AUTORELEASING = YES;
				CLANG_WARN_BOOL_CONVERSION = YES;
				CLANG_WARN_COMMA = YES;
				CLANG_WARN_CONSTANT_CONVERSION = YES;
				CLANG_WARN_DEPRECATED_OBJC_IMPLEMENTATIONS = YES;
				CLANG_WARN_DIRECT_OBJC_ISA_USAGE = YES_ERROR;
				CLANG_WARN_DOCUMENTATION_COMMENTS = YES;
				CLANG_WARN_EMPTY_BODY = YES;
				CLANG_WARN_ENUM_CONVERSION = YES;
				CLANG_WARN_INFINITE_RECURSION = YES;
				CLANG_WARN_INT_CONVERSION = YES;
				CLANG_WARN_NON_LITERAL_NULL_CONVERSION = YES;
				CLANG_WARN_OBJC_IMPLICIT_RETAIN_SELF = YES;
				CLANG_WARN_OBJC_LITERAL_CONVERSION = YES;
				CLANG_WARN_OBJC_ROOT_CLASS = YES_ERROR;
				CLANG_WARN_RANGE_LOOP_ANALYSIS = YES;
				CLANG_WARN_STRICT_PROTOTYPES = YES;
				CLANG_WARN_SUSPICIOUS_MOVE = YES;
				CLANG_WARN_UNGUARDED_AVAILABILITY = YES_AGGRESSIVE;
				CLANG_WARN_UNREACHABLE_CODE = YES;
				CLANG_WARN__DUPLICATE_METHOD_MATCH = YES;
				COPY_PHASE_STRIP = NO;
				DEBUG_INFORMATION_FORMAT = "dwarf-with-dsym";
				ENABLE_NS_ASSERTIONS = NO;
				ENABLE_STRICT_OBJC_MSGSEND = YES;
				GCC_C_LANGUAGE_STANDARD = gnu11;
				GCC_NO_COMMON_BLOCKS = YES;
				GCC_WARN_64_TO_32_BIT_CONVERSION = YES;
				GCC_WARN_ABOUT_RETURN_TYPE = YES_ERROR;
				GCC_WARN_UNDECLARED_SELECTOR = YES;
				GCC_WARN_UNINITIALIZED_AUTOS = YES_AGGRESSIVE;
				GCC_WARN_UNUSED_FUNCTION = YES;
				GCC_WARN_UNUSED_VARIABLE = YES;
				MACOSX_DEPLOYMENT_TARGET = 10.15;
				MTL_ENABLE_DEBUG_INFO = NO;
				MTL_FAST_MATH = YES;
				SDKROOT = macosx;
				SWIFT_COMPILATION_MODE = wholemodule;
				SWIFT_OPTIMIZATION_LEVEL = "-O";
			};
			name = Release;
		};
		F8A92A522450674100213F2A /* Debug */ = {
			isa = XCBuildConfiguration;
			buildSettings = {
				ASSETCATALOG_COMPILER_APPICON_NAME = AppIcon;
				CODE_SIGN_ENTITLEMENTS = TestSPMMacOs/TestSPMMacOs.entitlements;
				CODE_SIGN_STYLE = Automatic;
				COMBINE_HIDPI_IMAGES = YES;
				DEVELOPMENT_TEAM = UBF8T346G9;
				ENABLE_HARDENED_RUNTIME = YES;
				INFOPLIST_FILE = TestSPMMacOs/Info.plist;
				LD_RUNPATH_SEARCH_PATHS = (
					"$(inherited)",
					"@executable_path/../Frameworks",
				);
				PRODUCT_BUNDLE_IDENTIFIER = com.microsoft.TestSPMMacOs;
				PRODUCT_NAME = "$(TARGET_NAME)";
				SWIFT_VERSION = 5.0;
			};
			name = Debug;
		};
		F8A92A532450674100213F2A /* Release */ = {
			isa = XCBuildConfiguration;
			buildSettings = {
				ASSETCATALOG_COMPILER_APPICON_NAME = AppIcon;
				CODE_SIGN_ENTITLEMENTS = TestSPMMacOs/TestSPMMacOs.entitlements;
				CODE_SIGN_STYLE = Automatic;
				COMBINE_HIDPI_IMAGES = YES;
				DEVELOPMENT_TEAM = UBF8T346G9;
				ENABLE_HARDENED_RUNTIME = YES;
				INFOPLIST_FILE = TestSPMMacOs/Info.plist;
				LD_RUNPATH_SEARCH_PATHS = (
					"$(inherited)",
					"@executable_path/../Frameworks",
				);
				PRODUCT_BUNDLE_IDENTIFIER = com.microsoft.TestSPMMacOs;
				PRODUCT_NAME = "$(TARGET_NAME)";
				SWIFT_VERSION = 5.0;
			};
			name = Release;
		};
/* End XCBuildConfiguration section */

/* Begin XCConfigurationList section */
		F8A92A3C2450673E00213F2A /* Build configuration list for PBXProject "TestSPMMacOs" */ = {
			isa = XCConfigurationList;
			buildConfigurations = (
				F8A92A4F2450674100213F2A /* Debug */,
				F8A92A502450674100213F2A /* Release */,
			);
			defaultConfigurationIsVisible = 0;
			defaultConfigurationName = Release;
		};
		F8A92A512450674100213F2A /* Build configuration list for PBXNativeTarget "TestSPMMacOs" */ = {
			isa = XCConfigurationList;
			buildConfigurations = (
				F8A92A522450674100213F2A /* Debug */,
				F8A92A532450674100213F2A /* Release */,
			);
			defaultConfigurationIsVisible = 0;
			defaultConfigurationName = Release;
		};
/* End XCConfigurationList section */

/* Begin XCRemoteSwiftPackageReference section */
		F8EDBBBC24506FF8008FEEBA /* XCRemoteSwiftPackageReference "appcenter-sdk-apple" */ = {
			isa = XCRemoteSwiftPackageReference;
			repositoryURL = "https://github.com/microsoft/appcenter-sdk-apple.git";
			requirement = {
				branch = feature/spm/manifest;
				kind = branch;
			};
		};
/* End XCRemoteSwiftPackageReference section */

/* Begin XCSwiftPackageProductDependency section */
		F8EDBBBD24506FF8008FEEBA /* AppCenterAnalytics */ = {
			isa = XCSwiftPackageProductDependency;
			package = F8EDBBBC24506FF8008FEEBA /* XCRemoteSwiftPackageReference "appcenter-sdk-apple" */;
			productName = AppCenterAnalytics;
		};
		F8EDBBBF24506FF8008FEEBA /* AppCenterPush */ = {
			isa = XCSwiftPackageProductDependency;
			package = F8EDBBBC24506FF8008FEEBA /* XCRemoteSwiftPackageReference "appcenter-sdk-apple" */;
			productName = AppCenterPush;
		};
/* End XCSwiftPackageProductDependency section */
	};
	rootObject = F8A92A392450673E00213F2A /* Project object */;
}
