{
  "object": {
    "pins": [
      {
        "package": "App Center",
        "repositoryURL": "https://github.com/microsoft/appcenter-sdk-apple.git",
        "state": {
          "branch": "feature/spm/manifest",
          "revision": "07d73203a9f2959e885557d1081dfdbdeb7b0915",
          "version": null
        }
      }
    ]
  },
  "version": 1
}
